
Microsoft Visual Studio Solution File, Format Version 12.00
# Visual Studio Version 17
VisualStudioVersion = 17.4.32809.451
MinimumVisualStudioVersion = 10.0.40219.1
Project("{FAE04EC0-301F-11D3-BF4B-00C04F79EFBC}") = "WebApplication4", "WebApplication4\WebApplication4.csproj", "{0411D48A-3445-425A-B91C-981D148497DD}"
EndProject
Global
	GlobalSection(SolutionConfigurationPlatforms) = preSolution
		Debug|Any CPU = Debug|Any CPU
		Release|Any CPU = Release|Any CPU
	EndGlobalSection
	GlobalSection(ProjectConfigurationPlatforms) = postSolution
		{0411D48A-3445-425A-B91C-981D148497DD}.Debug|Any CPU.ActiveCfg = Debug|Any CPU
		{0411D48A-3445-425A-B91C-981D148497DD}.Debug|Any CPU.Build.0 = Debug|Any CPU
		{0411D48A-3445-425A-B91C-981D148497DD}.Release|Any CPU.ActiveCfg = Release|Any CPU
		{0411D48A-3445-425A-B91C-981D148497DD}.Release|Any CPU.Build.0 = Release|Any CPU
	EndGlobalSection
	GlobalSection(SolutionProperties) = preSolution
		HideSolutionNode = FALSE
	EndGlobalSection
	GlobalSection(ExtensibilityGlobals) = postSolution
		SolutionGuid = {C974C698-5A0D-44B9-AAB0-9CEC1800D139}
	EndGlobalSection
EndGlobal
